// !$*UTF8*$!
{
	archiveVersion = 1;
	classes = {
	};
	objectVersion = 55;
	objects = {

/* Begin PBXBuildFile section */
		1054E0A927213D63008AE0C9 /* User.swift in Sources */ = {isa = PBXBuildFile; fileRef = 1054E0A827213D63008AE0C9 /* User.swift */; };
		1054E0AC27213EA1008AE0C9 /* String+Ext.swift in Sources */ = {isa = PBXBuildFile; fileRef = 1054E0AB27213EA1008AE0C9 /* String+Ext.swift */; };
		1054E0AE2721478E008AE0C9 /* UserDetailsVC.swift in Sources */ = {isa = PBXBuildFile; fileRef = 1054E0AD2721478E008AE0C9 /* UserDetailsVC.swift */; };
		10B996D4272124550057323A /* AppDelegate.swift in Sources */ = {isa = PBXBuildFile; fileRef = 10B996D3272124550057323A /* AppDelegate.swift */; };
		10B996D6272124550057323A /* SceneDelegate.swift in Sources */ = {isa = PBXBuildFile; fileRef = 10B996D5272124550057323A /* SceneDelegate.swift */; };
		10B996D8272124550057323A /* ViewController.swift in Sources */ = {isa = PBXBuildFile; fileRef = 10B996D7272124550057323A /* ViewController.swift */; };
		10B996DB272124550057323A /* Main.storyboard in Resources */ = {isa = PBXBuildFile; fileRef = 10B996D9272124550057323A /* Main.storyboard */; };
		10B996DD272124560057323A /* Assets.xcassets in Resources */ = {isa = PBXBuildFile; fileRef = 10B996DC272124560057323A /* Assets.xcassets */; };
		10B996E0272124560057323A /* LaunchScreen.storyboard in Resources */ = {isa = PBXBuildFile; fileRef = 10B996DE272124560057323A /* LaunchScreen.storyboard */; };
		1FD365F22464729049B35730 /* Pods_Github_Finder.framework in Frameworks */ = {isa = PBXBuildFile; fileRef = 3137AD9C4AA51F27C85CEC22 /* Pods_Github_Finder.framework */; };
/* End PBXBuildFile section */

/* Begin PBXFileReference section */
		0937663654E6008A1EF66660 /* Pods-Github-Finder.release.xcconfig */ = {isa = PBXFileReference; includeInIndex = 1; lastKnownFileType = text.xcconfig; name = "Pods-Github-Finder.release.xcconfig"; path = "Target Support Files/Pods-Github-Finder/Pods-Github-Finder.release.xcconfig"; sourceTree = "<group>"; };
		1054E0A827213D63008AE0C9 /* User.swift */ = {isa = PBXFileReference; lastKnownFileType = sourcecode.swift; path = User.swift; sourceTree = "<group>"; };
		1054E0AB27213EA1008AE0C9 /* String+Ext.swift */ = {isa = PBXFileReference; lastKnownFileType = sourcecode.swift; path = "String+Ext.swift"; sourceTree = "<group>"; };
		1054E0AD2721478E008AE0C9 /* UserDetailsVC.swift */ = {isa = PBXFileReference; lastKnownFileType = sourcecode.swift; path = UserDetailsVC.swift; sourceTree = "<group>"; };
		10B996D0272124550057323A /* Github-Finder.app */ = {isa = PBXFileReference; explicitFileType = wrapper.application; includeInIndex = 0; path = "Github-Finder.app"; sourceTree = BUILT_PRODUCTS_DIR; };
		10B996D3272124550057323A /* AppDelegate.swift */ = {isa = PBXFileReference; lastKnownFileType = sourcecode.swift; path = AppDelegate.swift; sourceTree = "<group>"; };
		10B996D5272124550057323A /* SceneDelegate.swift */ = {isa = PBXFileReference; lastKnownFileType = sourcecode.swift; path = SceneDelegate.swift; sourceTree = "<group>"; };
		10B996D7272124550057323A /* ViewController.swift */ = {isa = PBXFileReference; lastKnownFileType = sourcecode.swift; path = ViewController.swift; sourceTree = "<group>"; };
		10B996DA272124550057323A /* Base */ = {isa = PBXFileReference; lastKnownFileType = file.storyboard; name = Base; path = Base.lproj/Main.storyboard; sourceTree = "<group>"; };
		10B996DC272124560057323A /* Assets.xcassets */ = {isa = PBXFileReference; lastKnownFileType = folder.assetcatalog; path = Assets.xcassets; sourceTree = "<group>"; };
		10B996DF272124560057323A /* Base */ = {isa = PBXFileReference; lastKnownFileType = file.storyboard; name = Base; path = Base.lproj/LaunchScreen.storyboard; sourceTree = "<group>"; };
		10B996E1272124560057323A /* Info.plist */ = {isa = PBXFileReference; lastKnownFileType = text.plist.xml; path = Info.plist; sourceTree = "<group>"; };
		3137AD9C4AA51F27C85CEC22 /* Pods_Github_Finder.framework */ = {isa = PBXFileReference; explicitFileType = wrapper.framework; includeInIndex = 0; path = Pods_Github_Finder.framework; sourceTree = BUILT_PRODUCTS_DIR; };
		7F989BDF1EC3C368DA3F7AD7 /* Pods-Github-Finder.debug.xcconfig */ = {isa = PBXFileReference; includeInIndex = 1; lastKnownFileType = text.xcconfig; name = "Pods-Github-Finder.debug.xcconfig"; path = "Target Support Files/Pods-Github-Finder/Pods-Github-Finder.debug.xcconfig"; sourceTree = "<group>"; };
/* End PBXFileReference section */

/* Begin PBXFrameworksBuildPhase section */
		10B996CD272124550057323A /* Frameworks */ = {
			isa = PBXFrameworksBuildPhase;
			buildActionMask = 2147483647;
			files = (
				1FD365F22464729049B35730 /* Pods_Github_Finder.framework in Frameworks */,
			);
			runOnlyForDeploymentPostprocessing = 0;
		};
/* End PBXFrameworksBuildPhase section */

/* Begin PBXGroup section */
		1054E0A727213D39008AE0C9 /* Modal */ = {
			isa = PBXGroup;
			children = (
				1054E0A827213D63008AE0C9 /* User.swift */,
			);
			path = Modal;
			sourceTree = "<group>";
		};
		1054E0AA27213E8C008AE0C9 /* Extention */ = {
			isa = PBXGroup;
			children = (
				1054E0AB27213EA1008AE0C9 /* String+Ext.swift */,
			);
			path = Extention;
			sourceTree = "<group>";
		};
		1054E0AF27214795008AE0C9 /* Views */ = {
			isa = PBXGroup;
			children = (
				10B996D7272124550057323A /* ViewController.swift */,
				1054E0AD2721478E008AE0C9 /* UserDetailsVC.swift */,
			);
			path = Views;
			sourceTree = "<group>";
		};
		10B996C7272124550057323A = {
			isa = PBXGroup;
			children = (
				10B996D2272124550057323A /* Github-Finder */,
				10B996D1272124550057323A /* Products */,
				A0922368DF05A65D06F1DE39 /* Pods */,
				3AA6805DC6DD46C01202FC86 /* Frameworks */,
			);
			sourceTree = "<group>";
		};
		10B996D1272124550057323A /* Products */ = {
			isa = PBXGroup;
			children = (
				10B996D0272124550057323A /* Github-Finder.app */,
			);
			name = Products;
			sourceTree = "<group>";
		};
		10B996D2272124550057323A /* Github-Finder */ = {
			isa = PBXGroup;
			children = (
				1054E0AA27213E8C008AE0C9 /* Extention */,
				1054E0A727213D39008AE0C9 /* Modal */,
				1054E0AF27214795008AE0C9 /* Views */,
				10B996D5272124550057323A /* SceneDelegate.swift */,
				10B996D3272124550057323A /* AppDelegate.swift */,
				10B996D9272124550057323A /* Main.storyboard */,
				10B996DC272124560057323A /* Assets.xcassets */,
				10B996DE272124560057323A /* LaunchScreen.storyboard */,
				10B996E1272124560057323A /* Info.plist */,
			);
			path = "Github-Finder";
			sourceTree = "<group>";
		};
		3AA6805DC6DD46C01202FC86 /* Frameworks */ = {
			isa = PBXGroup;
			children = (
				3137AD9C4AA51F27C85CEC22 /* Pods_Github_Finder.framework */,
			);
			name = Frameworks;
			sourceTree = "<group>";
		};
		A0922368DF05A65D06F1DE39 /* Pods */ = {
			isa = PBXGroup;
			children = (
				7F989BDF1EC3C368DA3F7AD7 /* Pods-Github-Finder.debug.xcconfig */,
				0937663654E6008A1EF66660 /* Pods-Github-Finder.release.xcconfig */,
			);
			name = Pods;
			path = Pods;
			sourceTree = "<group>";
		};
/* End PBXGroup section */

/* Begin PBXNativeTarget section */
		10B996CF272124550057323A /* Github-Finder */ = {
			isa = PBXNativeTarget;
			buildConfigurationList = 10B996E4272124560057323A /* Build configuration list for PBXNativeTarget "Github-Finder" */;
			buildPhases = (
				17088668AEADA066D51A7C14 /* [CP] Check Pods Manifest.lock */,
				10B996CC272124550057323A /* Sources */,
				10B996CD272124550057323A /* Frameworks */,
				10B996CE272124550057323A /* Resources */,
				EC3B2A9F0ECB03423BAFD19B /* [CP] Embed Pods Frameworks */,
			);
			buildRules = (
			);
			dependencies = (
			);
			name = "Github-Finder";
			productName = "Github-Finder";
			productReference = 10B996D0272124550057323A /* Github-Finder.app */;
			productType = "com.apple.product-type.application";
		};
/* End PBXNativeTarget section */

/* Begin PBXProject section */
		10B996C8272124550057323A /* Project object */ = {
			isa = PBXProject;
			attributes = {
				BuildIndependentTargetsInParallel = 1;
				LastSwiftUpdateCheck = 1300;
				LastUpgradeCheck = 1300;
				TargetAttributes = {
					10B996CF272124550057323A = {
						CreatedOnToolsVersion = 13.0;
					};
				};
			};
			buildConfigurationList = 10B996CB272124550057323A /* Build configuration list for PBXProject "Github-Finder" */;
			compatibilityVersion = "Xcode 13.0";
			developmentRegion = en;
			hasScannedForEncodings = 0;
			knownRegions = (
				en,
				Base,
			);
			mainGroup = 10B996C7272124550057323A;
			productRefGroup = 10B996D1272124550057323A /* Products */;
			projectDirPath = "";
			projectRoot = "";
			targets = (
				10B996CF272124550057323A /* Github-Finder */,
			);
		};
/* End PBXProject section */

/* Begin PBXResourcesBuildPhase section */
		10B996CE272124550057323A /* Resources */ = {
			isa = PBXResourcesBuildPhase;
			buildActionMask = 2147483647;
			files = (
				10B996E0272124560057323A /* LaunchScreen.storyboard in Resources */,
				10B996DD272124560057323A /* Assets.xcassets in Resources */,
				10B996DB272124550057323A /* Main.storyboard in Resources */,
			);
			runOnlyForDeploymentPostprocessing = 0;
		};
/* End PBXResourcesBuildPhase section */

/* Begin PBXShellScriptBuildPhase section */
		17088668AEADA066D51A7C14 /* [CP] Check Pods Manifest.lock */ = {
			isa = PBXShellScriptBuildPhase;
			buildActionMask = 2147483647;
			files = (
			);
			inputFileListPaths = (
			);
			inputPaths = (
				"${PODS_PODFILE_DIR_PATH}/Podfile.lock",
				"${PODS_ROOT}/Manifest.lock",
			);
			name = "[CP] Check Pods Manifest.lock";
			outputFileListPaths = (
			);
			outputPaths = (
				"$(DERIVED_FILE_DIR)/Pods-Github-Finder-checkManifestLockResult.txt",
			);
			runOnlyForDeploymentPostprocessing = 0;
			shellPath = /bin/sh;
			shellScript = "diff \"${PODS_PODFILE_DIR_PATH}/Podfile.lock\" \"${PODS_ROOT}/Manifest.lock\" > /dev/null\nif [ $? != 0 ] ; then\n    # print error to STDERR\n    echo \"error: The sandbox is not in sync with the Podfile.lock. Run 'pod install' or update your CocoaPods installation.\" >&2\n    exit 1\nfi\n# This output is used by Xcode 'outputs' to avoid re-running this script phase.\necho \"SUCCESS\" > \"${SCRIPT_OUTPUT_FILE_0}\"\n";
			showEnvVarsInLog = 0;
		};
		EC3B2A9F0ECB03423BAFD19B /* [CP] Embed Pods Frameworks */ = {
			isa = PBXShellScriptBuildPhase;
			buildActionMask = 2147483647;
			files = (
			);
			inputFileListPaths = (
				"${PODS_ROOT}/Target Support Files/Pods-Github-Finder/Pods-Github-Finder-frameworks-${CONFIGURATION}-input-files.xcfilelist",
			);
			name = "[CP] Embed Pods Frameworks";
			outputFileListPaths = (
				"${PODS_ROOT}/Target Support Files/Pods-Github-Finder/Pods-Github-Finder-frameworks-${CONFIGURATION}-output-files.xcfilelist",
			);
			runOnlyForDeploymentPostprocessing = 0;
			shellPath = /bin/sh;
			shellScript = "\"${PODS_ROOT}/Target Support Files/Pods-Github-Finder/Pods-Github-Finder-frameworks.sh\"\n";
			showEnvVarsInLog = 0;
		};
/* End PBXShellScriptBuildPhase section */

/* Begin PBXSourcesBuildPhase section */
		10B996CC272124550057323A /* Sources */ = {
			isa = PBXSourcesBuildPhase;
			buildActionMask = 2147483647;
			files = (
				1054E0AE2721478E008AE0C9 /* UserDetailsVC.swift in Sources */,
				1054E0A927213D63008AE0C9 /* User.swift in Sources */,
				10B996D8272124550057323A /* ViewController.swift in Sources */,
				10B996D4272124550057323A /* AppDelegate.swift in Sources */,
				1054E0AC27213EA1008AE0C9 /* String+Ext.swift in Sources */,
				10B996D6272124550057323A /* SceneDelegate.swift in Sources */,
			);
			runOnlyForDeploymentPostprocessing = 0;
		};
/* End PBXSourcesBuildPhase section */

/* Begin PBXVariantGroup section */
		10B996D9272124550057323A /* Main.storyboard */ = {
			isa = PBXVariantGroup;
			children = (
				10B996DA272124550057323A /* Base */,
			);
			name = Main.storyboard;
			sourceTree = "<group>";
		};
		10B996DE272124560057323A /* LaunchScreen.storyboard */ = {
			isa = PBXVariantGroup;
			children = (
				10B996DF272124560057323A /* Base */,
			);
			name = LaunchScreen.storyboard;
			sourceTree = "<group>";
		};
/* End PBXVariantGroup section */

/* Begin XCBuildConfiguration section */
		10B996E2272124560057323A /* Debug */ = {
			isa = XCBuildConfiguration;
			buildSettings = {
				ALWAYS_SEARCH_USER_PATHS = NO;
				CLANG_ANALYZER_NONNULL = YES;
				CLANG_ANALYZER_NUMBER_OBJECT_CONVERSION = YES_AGGRESSIVE;
				CLANG_CXX_LANGUAGE_STANDARD = "gnu++17";
				CLANG_CXX_LIBRARY = "libc++";
				CLANG_ENABLE_MODULES = YES;
				CLANG_ENABLE_OBJC_ARC = YES;
				CLANG_ENABLE_OBJC_WEAK = YES;
				CLANG_WARN_BLOCK_CAPTURE_AUTORELEASING = YES;
				CLANG_WARN_BOOL_CONVERSION = YES;
				CLANG_WARN_COMMA = YES;
				CLANG_WARN_CONSTANT_CONVERSION = YES;
				CLANG_WARN_DEPRECATED_OBJC_IMPLEMENTATIONS = YES;
				CLANG_WARN_DIRECT_OBJC_ISA_USAGE = YES_ERROR;
				CLANG_WARN_DOCUMENTATION_COMMENTS = YES;
				CLANG_WARN_EMPTY_BODY = YES;
				CLANG_WARN_ENUM_CONVERSION = YES;
				CLANG_WARN_INFINITE_RECURSION = YES;
				CLANG_WARN_INT_CONVERSION = YES;
				CLANG_WARN_NON_LITERAL_NULL_CONVERSION = YES;
				CLANG_WARN_OBJC_IMPLICIT_RETAIN_SELF = YES;
				CLANG_WARN_OBJC_LITERAL_CONVERSION = YES;
				CLANG_WARN_OBJC_ROOT_CLASS = YES_ERROR;
				CLANG_WARN_QUOTED_INCLUDE_IN_FRAMEWORK_HEADER = YES;
				CLANG_WARN_RANGE_LOOP_ANALYSIS = YES;
				CLANG_WARN_STRICT_PROTOTYPES = YES;
				CLANG_WARN_SUSPICIOUS_MOVE = YES;
				CLANG_WARN_UNGUARDED_AVAILABILITY = YES_AGGRESSIVE;
				CLANG_WARN_UNREACHABLE_CODE = YES;
				CLANG_WARN__DUPLICATE_METHOD_MATCH = YES;
				COPY_PHASE_STRIP = NO;
				DEBUG_INFORMATION_FORMAT = dwarf;
				ENABLE_STRICT_OBJC_MSGSEND = YES;
				ENABLE_TESTABILITY = YES;
				GCC_C_LANGUAGE_STANDARD = gnu11;
				GCC_DYNAMIC_NO_PIC = NO;
				GCC_NO_COMMON_BLOCKS = YES;
				GCC_OPTIMIZATION_LEVEL = 0;
				GCC_PREPROCESSOR_DEFINITIONS = (
					"DEBUG=1",
					"$(inherited)",
				);
				GCC_WARN_64_TO_32_BIT_CONVERSION = YES;
				GCC_WARN_ABOUT_RETURN_TYPE = YES_ERROR;
				GCC_WARN_UNDECLARED_SELECTOR = YES;
				GCC_WARN_UNINITIALIZED_AUTOS = YES_AGGRESSIVE;
				GCC_WARN_UNUSED_FUNCTION = YES;
				GCC_WARN_UNUSED_VARIABLE = YES;
				IPHONEOS_DEPLOYMENT_TARGET = 15.0;
				MTL_ENABLE_DEBUG_INFO = INCLUDE_SOURCE;
				MTL_FAST_MATH = YES;
				ONLY_ACTIVE_ARCH = YES;
				SDKROOT = iphoneos;
				SWIFT_ACTIVE_COMPILATION_CONDITIONS = DEBUG;
				SWIFT_OPTIMIZATION_LEVEL = "-Onone";
			};
			name = Debug;
		};
		10B996E3272124560057323A /* Release */ = {
			isa = XCBuildConfiguration;
			buildSettings = {
				ALWAYS_SEARCH_USER_PATHS = NO;
				CLANG_ANALYZER_NONNULL = YES;
				CLANG_ANALYZER_NUMBER_OBJECT_CONVERSION = YES_AGGRESSIVE;
				CLANG_CXX_LANGUAGE_STANDARD = "gnu++17";
				CLANG_CXX_LIBRARY = "libc++";
				CLANG_ENABLE_MODULES = YES;
				CLANG_ENABLE_OBJC_ARC = YES;
				CLANG_ENABLE_OBJC_WEAK = YES;
				CLANG_WARN_BLOCK_CAPTURE_AUTORELEASING = YES;
				CLANG_WARN_BOOL_CONVERSION = YES;
				CLANG_WARN_COMMA = YES;
				CLANG_WARN_CONSTANT_CONVERSION = YES;
				CLANG_WARN_DEPRECATED_OBJC_IMPLEMENTATIONS = YES;
				CLANG_WARN_DIRECT_OBJC_ISA_USAGE = YES_ERROR;
				CLANG_WARN_DOCUMENTATION_COMMENTS = YES;
				CLANG_WARN_EMPTY_BODY = YES;
				CLANG_WARN_ENUM_CONVERSION = YES;
				CLANG_WARN_INFINITE_RECURSION = YES;
				CLANG_WARN_INT_CONVERSION = YES;
				CLANG_WARN_NON_LITERAL_NULL_CONVERSION = YES;
				CLANG_WARN_OBJC_IMPLICIT_RETAIN_SELF = YES;
				CLANG_WARN_OBJC_LITERAL_CONVERSION = YES;
				CLANG_WARN_OBJC_ROOT_CLASS = YES_ERROR;
				CLANG_WARN_QUOTED_INCLUDE_IN_FRAMEWORK_HEADER = YES;
				CLANG_WARN_RANGE_LOOP_ANALYSIS = YES;
				CLANG_WARN_STRICT_PROTOTYPES = YES;
				CLANG_WARN_SUSPICIOUS_MOVE = YES;
				CLANG_WARN_UNGUARDED_AVAILABILITY = YES_AGGRESSIVE;
				CLANG_WARN_UNREACHABLE_CODE = YES;
				CLANG_WARN__DUPLICATE_METHOD_MATCH = YES;
				COPY_PHASE_STRIP = NO;
				DEBUG_INFORMATION_FORMAT = "dwarf-with-dsym";
				ENABLE_NS_ASSERTIONS = NO;
				ENABLE_STRICT_OBJC_MSGSEND = YES;
				GCC_C_LANGUAGE_STANDARD = gnu11;
				GCC_NO_COMMON_BLOCKS = YES;
				GCC_WARN_64_TO_32_BIT_CONVERSION = YES;
				GCC_WARN_ABOUT_RETURN_TYPE = YES_ERROR;
				GCC_WARN_UNDECLARED_SELECTOR = YES;
				GCC_WARN_UNINITIALIZED_AUTOS = YES_AGGRESSIVE;
				GCC_WARN_UNUSED_FUNCTION = YES;
				GCC_WARN_UNUSED_VARIABLE = YES;
				IPHONEOS_DEPLOYMENT_TARGET = 15.0;
				MTL_ENABLE_DEBUG_INFO = NO;
				MTL_FAST_MATH = YES;
				SDKROOT = iphoneos;
				SWIFT_COMPILATION_MODE = wholemodule;
				SWIFT_OPTIMIZATION_LEVEL = "-O";
				VALIDATE_PRODUCT = YES;
			};
			name = Release;
		};
		10B996E5272124560057323A /* Debug */ = {
			isa = XCBuildConfiguration;
			baseConfigurationReference = 7F989BDF1EC3C368DA3F7AD7 /* Pods-Github-Finder.debug.xcconfig */;
			buildSettings = {
				ASSETCATALOG_COMPILER_APPICON_NAME = AppIcon;
				ASSETCATALOG_COMPILER_GLOBAL_ACCENT_COLOR_NAME = AccentColor;
				CODE_SIGN_STYLE = Automatic;
				CURRENT_PROJECT_VERSION = 1;
				DEVELOPMENT_TEAM = 4QS25S2FVW;
				GENERATE_INFOPLIST_FILE = YES;
				INFOPLIST_FILE = "Github-Finder/Info.plist";
				INFOPLIST_KEY_UIApplicationSupportsIndirectInputEvents = YES;
				INFOPLIST_KEY_UILaunchStoryboardName = LaunchScreen;
				INFOPLIST_KEY_UIMainStoryboardFile = Main;
				INFOPLIST_KEY_UISupportedInterfaceOrientations_iPad = "UIInterfaceOrientationPortrait UIInterfaceOrientationPortraitUpsideDown UIInterfaceOrientationLandscapeLeft UIInterfaceOrientationLandscapeRight";
				INFOPLIST_KEY_UISupportedInterfaceOrientations_iPhone = "UIInterfaceOrientationPortrait UIInterfaceOrientationLandscapeLeft UIInterfaceOrientationLandscapeRight";
				LD_RUNPATH_SEARCH_PATHS = (
					"$(inherited)",
					"@executable_path/Frameworks",
				);
				MARKETING_VERSION = 1.0;
				PRODUCT_BUNDLE_IDENTIFIER = "com.abdorizak.Github-Finder";
				PRODUCT_NAME = "$(TARGET_NAME)";
				SWIFT_EMIT_LOC_STRINGS = YES;
				SWIFT_VERSION = 5.0;
				TARGETED_DEVICE_FAMILY = 1;
			};
			name = Debug;
		};
		10B996E6272124560057323A /* Release */ = {
			isa = XCBuildConfiguration;
			baseConfigurationReference = 0937663654E6008A1EF66660 /* Pods-Github-Finder.release.xcconfig */;
			buildSettings = {
				ASSETCATALOG_COMPILER_APPICON_NAME = AppIcon;
				ASSETCATALOG_COMPILER_GLOBAL_ACCENT_COLOR_NAME = AccentColor;
				CODE_SIGN_STYLE = Automatic;
				CURRENT_PROJECT_VERSION = 1;
				DEVELOPMENT_TEAM = 4QS25S2FVW;
				GENERATE_INFOPLIST_FILE = YES;
				INFOPLIST_FILE = "Github-Finder/Info.plist";
				INFOPLIST_KEY_UIApplicationSupportsIndirectInputEvents = YES;
				INFOPLIST_KEY_UILaunchStoryboardName = LaunchScreen;
				INFOPLIST_KEY_UIMainStoryboardFile = Main;
				INFOPLIST_KEY_UISupportedInterfaceOrientations_iPad = "UIInterfaceOrientationPortrait UIInterfaceOrientationPortraitUpsideDown UIInterfaceOrientationLandscapeLeft UIInterfaceOrientationLandscapeRight";
				INFOPLIST_KEY_UISupportedInterfaceOrientations_iPhone = "UIInterfaceOrientationPortrait UIInterfaceOrientationLandscapeLeft UIInterfaceOrientationLandscapeRight";
				LD_RUNPATH_SEARCH_PATHS = (
					"$(inherited)",
					"@executable_path/Frameworks",
				);
				MARKETING_VERSION = 1.0;
				PRODUCT_BUNDLE_IDENTIFIER = "com.abdorizak.Github-Finder";
				PRODUCT_NAME = "$(TARGET_NAME)";
				SWIFT_EMIT_LOC_STRINGS = YES;
				SWIFT_VERSION = 5.0;
				TARGETED_DEVICE_FAMILY = 1;
			};
			name = Release;
		};
/* End XCBuildConfiguration section */

/* Begin XCConfigurationList section */
		10B996CB272124550057323A /* Build configuration list for PBXProject "Github-Finder" */ = {
			isa = XCConfigurationList;
			buildConfigurations = (
				10B996E2272124560057323A /* Debug */,
				10B996E3272124560057323A /* Release */,
			);
			defaultConfigurationIsVisible = 0;
			defaultConfigurationName = Release;
		};
		10B996E4272124560057323A /* Build configuration list for PBXNativeTarget "Github-Finder" */ = {
			isa = XCConfigurationList;
			buildConfigurations = (
				10B996E5272124560057323A /* Debug */,
				10B996E6272124560057323A /* Release */,
			);
			defaultConfigurationIsVisible = 0;
			defaultConfigurationName = Release;
		};
/* End XCConfigurationList section */
	};
	rootObject = 10B996C8272124550057323A /* Project object */;
}
